// !$*UTF8*$!
{
	archiveVersion = 1;
	classes = {
	};
	objectVersion = 46;
	objects = {

/* Begin PBXBuildFile section */
		650355A41C9E0428007F5BF2 /* SlotsView.swift in Sources */ = {isa = PBXBuildFile; fileRef = 650355A31C9E0428007F5BF2 /* SlotsView.swift */; };
		6506D8321CB5B96200C0D188 /* slots_background.gif in Resources */ = {isa = PBXBuildFile; fileRef = 6506D8311CB5B96200C0D188 /* slots_background.gif */; };
		6506D8341CB5BB1B00C0D188 /* UIImage+Gif.swift in Sources */ = {isa = PBXBuildFile; fileRef = 6506D8331CB5BB1B00C0D188 /* UIImage+Gif.swift */; };
		650B49801CB7FCA8002B10BF /* CreditsViewController.swift in Sources */ = {isa = PBXBuildFile; fileRef = 650B497F1CB7FCA8002B10BF /* CreditsViewController.swift */; };
		651778B51CB55FD10094B438 /* operator_background_animated.gif in Resources */ = {isa = PBXBuildFile; fileRef = 651778B41CB55FD10094B438 /* operator_background_animated.gif */; };
		651778CD1CB599D00094B438 /* operator.gif in Resources */ = {isa = PBXBuildFile; fileRef = 651778CC1CB599D00094B438 /* operator.gif */; };
		651DA2801CBF84850009FA70 /* UIColor.swift in Sources */ = {isa = PBXBuildFile; fileRef = 651DA27F1CBF84850009FA70 /* UIColor.swift */; };
		651DA2821CBF84990009FA70 /* UIImage.swift in Sources */ = {isa = PBXBuildFile; fileRef = 651DA2811CBF84990009FA70 /* UIImage.swift */; };
		651DA2841CBF84A20009FA70 /* ZAlertView.swift in Sources */ = {isa = PBXBuildFile; fileRef = 651DA2831CBF84A20009FA70 /* ZAlertView.swift */; };
		652400041C5BFFEF009C9FE6 /* MenuViewController.swift in Sources */ = {isa = PBXBuildFile; fileRef = 652400031C5BFFEF009C9FE6 /* MenuViewController.swift */; };
		6532B36E1C5FC12600D734EF /* Question.swift in Sources */ = {isa = PBXBuildFile; fileRef = 6532B36D1C5FC12600D734EF /* Question.swift */; };
		6532B3701C5FC14E00D734EF /* PaddedLabel.swift in Sources */ = {isa = PBXBuildFile; fileRef = 6532B36F1C5FC14E00D734EF /* PaddedLabel.swift */; };
		65387A191CA1A2D80070FAD7 /* Call.swift in Sources */ = {isa = PBXBuildFile; fileRef = 65387A181CA1A2D80070FAD7 /* Call.swift */; };
		65387A1B1CA1D3FD0070FAD7 /* monofonto.ttf in Resources */ = {isa = PBXBuildFile; fileRef = 65387A1A1CA1D3FD0070FAD7 /* monofonto.ttf */; };
		653C04A81CC529530029C3FB /* TutorialDialogue.json in Resources */ = {isa = PBXBuildFile; fileRef = 653C04A71CC529530029C3FB /* TutorialDialogue.json */; };
		653CBCEE1C91C34A003A2338 /* Fabric.framework in Frameworks */ = {isa = PBXBuildFile; fileRef = 653CBCEC1C91C34A003A2338 /* Fabric.framework */; };
		653CBCEF1C91C34A003A2338 /* Crashlytics.framework in Frameworks */ = {isa = PBXBuildFile; fileRef = 653CBCED1C91C34A003A2338 /* Crashlytics.framework */; };
		653F6F151CBFD582008EEF21 /* LabelExtension.swift in Sources */ = {isa = PBXBuildFile; fileRef = 653F6F141CBFD582008EEF21 /* LabelExtension.swift */; };
		6548CD311CC6758F001B2C78 /* gameViewNib.xib in Resources */ = {isa = PBXBuildFile; fileRef = 6548CD301CC6758E001B2C78 /* gameViewNib.xib */; };
		654B417D1CBBF4B100D9953C /* Levels.json in Resources */ = {isa = PBXBuildFile; fileRef = 654B417C1CBBF4B100D9953C /* Levels.json */; };
		6560C81B1CADEFAC004FB1F0 /* Operator_menuAudio2.mp3 in Resources */ = {isa = PBXBuildFile; fileRef = 6560C81A1CADEFAC004FB1F0 /* Operator_menuAudio2.mp3 */; };
		657E89981CC439DC005457D5 /* GameViewController.swift in Sources */ = {isa = PBXBuildFile; fileRef = 657E89971CC439DC005457D5 /* GameViewController.swift */; };
		65916FB51CC2D016004961AE /* GameView.swift in Sources */ = {isa = PBXBuildFile; fileRef = 65916FB41CC2D016004961AE /* GameView.swift */; };
		65A4CB961C5A51A400BC5EEB /* AppDelegate.swift in Sources */ = {isa = PBXBuildFile; fileRef = 65A4CB951C5A51A400BC5EEB /* AppDelegate.swift */; };
		65A4CB9D1C5A51A500BC5EEB /* Assets.xcassets in Resources */ = {isa = PBXBuildFile; fileRef = 65A4CB9C1C5A51A500BC5EEB /* Assets.xcassets */; };
		65A4CBA01C5A51A500BC5EEB /* LaunchScreen.storyboard in Resources */ = {isa = PBXBuildFile; fileRef = 65A4CB9E1C5A51A500BC5EEB /* LaunchScreen.storyboard */; };
		65A4CBAB1C5A51A500BC5EEB /* menuTestTests.swift in Sources */ = {isa = PBXBuildFile; fileRef = 65A4CBAA1C5A51A500BC5EEB /* menuTestTests.swift */; };
		65A4CBB61C5A51A500BC5EEB /* menuTestUITests.swift in Sources */ = {isa = PBXBuildFile; fileRef = 65A4CBB51C5A51A500BC5EEB /* menuTestUITests.swift */; };
		65ACF7621CB5D6390042FBB7 /* Level.swift in Sources */ = {isa = PBXBuildFile; fileRef = 65ACF7611CB5D6390042FBB7 /* Level.swift */; };
		65ACF7641CB5DEDC0042FBB7 /* gameProgressNib.xib in Resources */ = {isa = PBXBuildFile; fileRef = 65ACF7631CB5DEDC0042FBB7 /* gameProgressNib.xib */; };
		65ACF7661CB5E0CD0042FBB7 /* progressCell.swift in Sources */ = {isa = PBXBuildFile; fileRef = 65ACF7651CB5E0CD0042FBB7 /* progressCell.swift */; };
		65B08D6C1C7D24C300FABC2E /* Main.storyboard in Resources */ = {isa = PBXBuildFile; fileRef = 65B08D6B1C7D24C300FABC2E /* Main.storyboard */; };
		65C9A87D1CC7B27E000A4FAD /* AutomaticTypable.swift in Sources */ = {isa = PBXBuildFile; fileRef = 65C9A87C1CC7B27E000A4FAD /* AutomaticTypable.swift */; };
		65CA97631C5AC8C1008D256F /* Kemco_Pixel_Bold.ttf in Resources */ = {isa = PBXBuildFile; fileRef = 65CA97621C5AC8C1008D256F /* Kemco_Pixel_Bold.ttf */; };
		65CECF711C9EC87300F563BF /* gameCellNib.xib in Resources */ = {isa = PBXBuildFile; fileRef = 65CECF701C9EC87300F563BF /* gameCellNib.xib */; };
		65CECF731C9EF78500F563BF /* GameSave.swift in Sources */ = {isa = PBXBuildFile; fileRef = 65CECF721C9EF78500F563BF /* GameSave.swift */; };
		65E05CBF1C76212B002C507D /* gameCell.swift in Sources */ = {isa = PBXBuildFile; fileRef = 65E05CBE1C76212B002C507D /* gameCell.swift */; };
		65E05CC11C7627B5002C507D /* GameSlotsViewController.swift in Sources */ = {isa = PBXBuildFile; fileRef = 65E05CC01C7627B5002C507D /* GameSlotsViewController.swift */; };
		65F8971C1CB2BF7C00CBEE92 /* ProgressView.swift in Sources */ = {isa = PBXBuildFile; fileRef = 65F8971B1CB2BF7C00CBEE92 /* ProgressView.swift */; };
		65F8971E1CB3306500CBEE92 /* ProgressViewController.swift in Sources */ = {isa = PBXBuildFile; fileRef = 65F8971D1CB3306500CBEE92 /* ProgressViewController.swift */; };
/* End PBXBuildFile section */

/* Begin PBXContainerItemProxy section */
		65A4CBA71C5A51A500BC5EEB /* PBXContainerItemProxy */ = {
			isa = PBXContainerItemProxy;
			containerPortal = 65A4CB8A1C5A51A400BC5EEB /* Project object */;
			proxyType = 1;
			remoteGlobalIDString = 65A4CB911C5A51A400BC5EEB;
			remoteInfo = menuTest;
		};
		65A4CBB21C5A51A500BC5EEB /* PBXContainerItemProxy */ = {
			isa = PBXContainerItemProxy;
			containerPortal = 65A4CB8A1C5A51A400BC5EEB /* Project object */;
			proxyType = 1;
			remoteGlobalIDString = 65A4CB911C5A51A400BC5EEB;
			remoteInfo = menuTest;
		};
/* End PBXContainerItemProxy section */

/* Begin PBXFileReference section */
		650355A31C9E0428007F5BF2 /* SlotsView.swift */ = {isa = PBXFileReference; fileEncoding = 4; lastKnownFileType = sourcecode.swift; name = SlotsView.swift; path = ../SlotsView.swift; sourceTree = "<group>"; };
		6506D8311CB5B96200C0D188 /* slots_background.gif */ = {isa = PBXFileReference; lastKnownFileType = image.gif; path = slots_background.gif; sourceTree = "<group>"; };
		6506D8331CB5BB1B00C0D188 /* UIImage+Gif.swift */ = {isa = PBXFileReference; fileEncoding = 4; lastKnownFileType = sourcecode.swift; path = "UIImage+Gif.swift"; sourceTree = "<group>"; };
		650B497F1CB7FCA8002B10BF /* CreditsViewController.swift */ = {isa = PBXFileReference; fileEncoding = 4; lastKnownFileType = sourcecode.swift; path = CreditsViewController.swift; sourceTree = "<group>"; };
		651778B41CB55FD10094B438 /* operator_background_animated.gif */ = {isa = PBXFileReference; lastKnownFileType = image.gif; path = operator_background_animated.gif; sourceTree = "<group>"; };
		651778CC1CB599D00094B438 /* operator.gif */ = {isa = PBXFileReference; lastKnownFileType = image.gif; path = operator.gif; sourceTree = "<group>"; };
		651DA27F1CBF84850009FA70 /* UIColor.swift */ = {isa = PBXFileReference; fileEncoding = 4; lastKnownFileType = sourcecode.swift; path = UIColor.swift; sourceTree = "<group>"; };
		651DA2811CBF84990009FA70 /* UIImage.swift */ = {isa = PBXFileReference; fileEncoding = 4; lastKnownFileType = sourcecode.swift; path = UIImage.swift; sourceTree = "<group>"; };
		651DA2831CBF84A20009FA70 /* ZAlertView.swift */ = {isa = PBXFileReference; fileEncoding = 4; lastKnownFileType = sourcecode.swift; path = ZAlertView.swift; sourceTree = "<group>"; };
		652400031C5BFFEF009C9FE6 /* MenuViewController.swift */ = {isa = PBXFileReference; fileEncoding = 4; lastKnownFileType = sourcecode.swift; path = MenuViewController.swift; sourceTree = "<group>"; };
		6532B36D1C5FC12600D734EF /* Question.swift */ = {isa = PBXFileReference; fileEncoding = 4; lastKnownFileType = sourcecode.swift; path = Question.swift; sourceTree = "<group>"; };
		6532B36F1C5FC14E00D734EF /* PaddedLabel.swift */ = {isa = PBXFileReference; fileEncoding = 4; lastKnownFileType = sourcecode.swift; path = PaddedLabel.swift; sourceTree = "<group>"; };
		65387A181CA1A2D80070FAD7 /* Call.swift */ = {isa = PBXFileReference; fileEncoding = 4; lastKnownFileType = sourcecode.swift; path = Call.swift; sourceTree = "<group>"; };
		65387A1A1CA1D3FD0070FAD7 /* monofonto.ttf */ = {isa = PBXFileReference; lastKnownFileType = file; path = monofonto.ttf; sourceTree = "<group>"; };
		653C04A71CC529530029C3FB /* TutorialDialogue.json */ = {isa = PBXFileReference; fileEncoding = 4; lastKnownFileType = text.json; path = TutorialDialogue.json; sourceTree = "<group>"; };
		653CBCEC1C91C34A003A2338 /* Fabric.framework */ = {isa = PBXFileReference; lastKnownFileType = wrapper.framework; path = Fabric.framework; sourceTree = "<group>"; };
		653CBCED1C91C34A003A2338 /* Crashlytics.framework */ = {isa = PBXFileReference; lastKnownFileType = wrapper.framework; path = Crashlytics.framework; sourceTree = "<group>"; };
		653F6F141CBFD582008EEF21 /* LabelExtension.swift */ = {isa = PBXFileReference; fileEncoding = 4; lastKnownFileType = sourcecode.swift; path = LabelExtension.swift; sourceTree = "<group>"; };
		6548CD301CC6758E001B2C78 /* gameViewNib.xib */ = {isa = PBXFileReference; fileEncoding = 4; lastKnownFileType = file.xib; path = gameViewNib.xib; sourceTree = "<group>"; };
		654B417C1CBBF4B100D9953C /* Levels.json */ = {isa = PBXFileReference; fileEncoding = 4; lastKnownFileType = text.json; path = Levels.json; sourceTree = "<group>"; };
		6560C81A1CADEFAC004FB1F0 /* Operator_menuAudio2.mp3 */ = {isa = PBXFileReference; lastKnownFileType = audio.mp3; path = Operator_menuAudio2.mp3; sourceTree = "<group>"; };
		657E89971CC439DC005457D5 /* GameViewController.swift */ = {isa = PBXFileReference; fileEncoding = 4; lastKnownFileType = sourcecode.swift; name = GameViewController.swift; path = ../GameViewController.swift; sourceTree = "<group>"; };
		65916FB41CC2D016004961AE /* GameView.swift */ = {isa = PBXFileReference; fileEncoding = 4; lastKnownFileType = sourcecode.swift; path = GameView.swift; sourceTree = "<group>"; };
		65A4CB921C5A51A400BC5EEB /* menuTest.app */ = {isa = PBXFileReference; explicitFileType = wrapper.application; includeInIndex = 0; path = menuTest.app; sourceTree = BUILT_PRODUCTS_DIR; };
		65A4CB951C5A51A400BC5EEB /* AppDelegate.swift */ = {isa = PBXFileReference; lastKnownFileType = sourcecode.swift; path = AppDelegate.swift; sourceTree = "<group>"; };
		65A4CB9C1C5A51A500BC5EEB /* Assets.xcassets */ = {isa = PBXFileReference; lastKnownFileType = folder.assetcatalog; path = Assets.xcassets; sourceTree = "<group>"; };
		65A4CB9F1C5A51A500BC5EEB /* Base */ = {isa = PBXFileReference; lastKnownFileType = file.storyboard; name = Base; path = Base.lproj/LaunchScreen.storyboard; sourceTree = "<group>"; };
		65A4CBA11C5A51A500BC5EEB /* Info.plist */ = {isa = PBXFileReference; lastKnownFileType = text.plist.xml; path = Info.plist; sourceTree = "<group>"; };
		65A4CBA61C5A51A500BC5EEB /* menuTestTests.xctest */ = {isa = PBXFileReference; explicitFileType = wrapper.cfbundle; includeInIndex = 0; path = menuTestTests.xctest; sourceTree = BUILT_PRODUCTS_DIR; };
		65A4CBAA1C5A51A500BC5EEB /* menuTestTests.swift */ = {isa = PBXFileReference; lastKnownFileType = sourcecode.swift; path = menuTestTests.swift; sourceTree = "<group>"; };
		65A4CBAC1C5A51A500BC5EEB /* Info.plist */ = {isa = PBXFileReference; lastKnownFileType = text.plist.xml; path = Info.plist; sourceTree = "<group>"; };
		65A4CBB11C5A51A500BC5EEB /* menuTestUITests.xctest */ = {isa = PBXFileReference; explicitFileType = wrapper.cfbundle; includeInIndex = 0; path = menuTestUITests.xctest; sourceTree = BUILT_PRODUCTS_DIR; };
		65A4CBB51C5A51A500BC5EEB /* menuTestUITests.swift */ = {isa = PBXFileReference; lastKnownFileType = sourcecode.swift; path = menuTestUITests.swift; sourceTree = "<group>"; };
		65A4CBB71C5A51A500BC5EEB /* Info.plist */ = {isa = PBXFileReference; lastKnownFileType = text.plist.xml; path = Info.plist; sourceTree = "<group>"; };
		65ACF7611CB5D6390042FBB7 /* Level.swift */ = {isa = PBXFileReference; fileEncoding = 4; lastKnownFileType = sourcecode.swift; path = Level.swift; sourceTree = "<group>"; };
		65ACF7631CB5DEDC0042FBB7 /* gameProgressNib.xib */ = {isa = PBXFileReference; fileEncoding = 4; lastKnownFileType = file.xib; path = gameProgressNib.xib; sourceTree = "<group>"; };
		65ACF7651CB5E0CD0042FBB7 /* progressCell.swift */ = {isa = PBXFileReference; fileEncoding = 4; lastKnownFileType = sourcecode.swift; path = progressCell.swift; sourceTree = "<group>"; };
		65B08D6B1C7D24C300FABC2E /* Main.storyboard */ = {isa = PBXFileReference; fileEncoding = 4; lastKnownFileType = file.storyboard; path = Main.storyboard; sourceTree = "<group>"; };
		65C9A87C1CC7B27E000A4FAD /* AutomaticTypable.swift */ = {isa = PBXFileReference; fileEncoding = 4; lastKnownFileType = sourcecode.swift; path = AutomaticTypable.swift; sourceTree = "<group>"; };
		65CA97621C5AC8C1008D256F /* Kemco_Pixel_Bold.ttf */ = {isa = PBXFileReference; lastKnownFileType = file; path = Kemco_Pixel_Bold.ttf; sourceTree = "<group>"; };
		65CECF701C9EC87300F563BF /* gameCellNib.xib */ = {isa = PBXFileReference; fileEncoding = 4; lastKnownFileType = file.xib; path = gameCellNib.xib; sourceTree = "<group>"; };
		65CECF721C9EF78500F563BF /* GameSave.swift */ = {isa = PBXFileReference; fileEncoding = 4; lastKnownFileType = sourcecode.swift; path = GameSave.swift; sourceTree = "<group>"; };
		65E05CBE1C76212B002C507D /* gameCell.swift */ = {isa = PBXFileReference; fileEncoding = 4; lastKnownFileType = sourcecode.swift; path = gameCell.swift; sourceTree = "<group>"; };
		65E05CC01C7627B5002C507D /* GameSlotsViewController.swift */ = {isa = PBXFileReference; fileEncoding = 4; lastKnownFileType = sourcecode.swift; path = GameSlotsViewController.swift; sourceTree = "<group>"; };
		65F8971B1CB2BF7C00CBEE92 /* ProgressView.swift */ = {isa = PBXFileReference; fileEncoding = 4; lastKnownFileType = sourcecode.swift; path = ProgressView.swift; sourceTree = "<group>"; };
		65F8971D1CB3306500CBEE92 /* ProgressViewController.swift */ = {isa = PBXFileReference; fileEncoding = 4; lastKnownFileType = sourcecode.swift; path = ProgressViewController.swift; sourceTree = "<group>"; };
/* End PBXFileReference section */

/* Begin PBXFrameworksBuildPhase section */
		65A4CB8F1C5A51A400BC5EEB /* Frameworks */ = {
			isa = PBXFrameworksBuildPhase;
			buildActionMask = 2147483647;
			files = (
				653CBCEF1C91C34A003A2338 /* Crashlytics.framework in Frameworks */,
				653CBCEE1C91C34A003A2338 /* Fabric.framework in Frameworks */,
			);
			runOnlyForDeploymentPostprocessing = 0;
		};
		65A4CBA31C5A51A500BC5EEB /* Frameworks */ = {
			isa = PBXFrameworksBuildPhase;
			buildActionMask = 2147483647;
			files = (
			);
			runOnlyForDeploymentPostprocessing = 0;
		};
		65A4CBAE1C5A51A500BC5EEB /* Frameworks */ = {
			isa = PBXFrameworksBuildPhase;
			buildActionMask = 2147483647;
			files = (
			);
			runOnlyForDeploymentPostprocessing = 0;
		};
/* End PBXFrameworksBuildPhase section */

/* Begin PBXGroup section */
		651DA27D1CBF83A60009FA70 /* Frameworks 🌐 */ = {
			isa = PBXGroup;
			children = (
				651DA27E1CBF846A0009FA70 /* ZAlertView */,
				6506D8331CB5BB1B00C0D188 /* UIImage+Gif.swift */,
			);
			name = "Frameworks 🌐";
			sourceTree = "<group>";
		};
		651DA27E1CBF846A0009FA70 /* ZAlertView */ = {
			isa = PBXGroup;
			children = (
				651DA27F1CBF84850009FA70 /* UIColor.swift */,
				651DA2811CBF84990009FA70 /* UIImage.swift */,
				651DA2831CBF84A20009FA70 /* ZAlertView.swift */,
			);
			name = ZAlertView;
			sourceTree = "<group>";
		};
		657852E41CBE50E50019EF20 /* Data 📈 */ = {
			isa = PBXGroup;
			children = (
				654B417C1CBBF4B100D9953C /* Levels.json */,
				653C04A71CC529530029C3FB /* TutorialDialogue.json */,
			);
			name = "Data 📈";
			sourceTree = "<group>";
		};
		65A4CB891C5A51A400BC5EEB = {
			isa = PBXGroup;
			children = (
				65CA97621C5AC8C1008D256F /* Kemco_Pixel_Bold.ttf */,
				6560C81A1CADEFAC004FB1F0 /* Operator_menuAudio2.mp3 */,
				65387A1A1CA1D3FD0070FAD7 /* monofonto.ttf */,
				651778CC1CB599D00094B438 /* operator.gif */,
				651778B41CB55FD10094B438 /* operator_background_animated.gif */,
				6506D8311CB5B96200C0D188 /* slots_background.gif */,
				65A4CB941C5A51A400BC5EEB /* menuTest */,
				65A4CBA91C5A51A500BC5EEB /* menuTestTests */,
				65A4CBB41C5A51A500BC5EEB /* menuTestUITests */,
				65A4CB931C5A51A400BC5EEB /* Products */,
			);
			sourceTree = "<group>";
		};
		65A4CB931C5A51A400BC5EEB /* Products */ = {
			isa = PBXGroup;
			children = (
				65A4CB921C5A51A400BC5EEB /* menuTest.app */,
				65A4CBA61C5A51A500BC5EEB /* menuTestTests.xctest */,
				65A4CBB11C5A51A500BC5EEB /* menuTestUITests.xctest */,
			);
			name = Products;
			sourceTree = "<group>";
		};
		65A4CB941C5A51A400BC5EEB /* menuTest */ = {
			isa = PBXGroup;
			children = (
				65C9A87B1CC7B21A000A4FAD /* Protocols */,
				653CBCEC1C91C34A003A2338 /* Fabric.framework */,
				653CBCED1C91C34A003A2338 /* Crashlytics.framework */,
				65A4CB951C5A51A400BC5EEB /* AppDelegate.swift */,
				65C345761CA0799700F1BAFC /* View Controller 🎮 */,
				65C345751CA0798A00F1BAFC /* View 🖥 */,
				65C345741CA0797600F1BAFC /* Model 👾 */,
				651DA27D1CBF83A60009FA70 /* Frameworks 🌐 */,
				657852E41CBE50E50019EF20 /* Data 📈 */,
				65A4CB9C1C5A51A500BC5EEB /* Assets.xcassets */,
				65B08D6B1C7D24C300FABC2E /* Main.storyboard */,
				65A4CB9E1C5A51A500BC5EEB /* LaunchScreen.storyboard */,
				65A4CBA11C5A51A500BC5EEB /* Info.plist */,
			);
			path = menuTest;
			sourceTree = "<group>";
		};
		65A4CBA91C5A51A500BC5EEB /* menuTestTests */ = {
			isa = PBXGroup;
			children = (
				65A4CBAA1C5A51A500BC5EEB /* menuTestTests.swift */,
				65A4CBAC1C5A51A500BC5EEB /* Info.plist */,
			);
			path = menuTestTests;
			sourceTree = "<group>";
		};
		65A4CBB41C5A51A500BC5EEB /* menuTestUITests */ = {
			isa = PBXGroup;
			children = (
				65A4CBB51C5A51A500BC5EEB /* menuTestUITests.swift */,
				65A4CBB71C5A51A500BC5EEB /* Info.plist */,
			);
			path = menuTestUITests;
			sourceTree = "<group>";
		};
		65C345741CA0797600F1BAFC /* Model 👾 */ = {
			isa = PBXGroup;
			children = (
				65CECF721C9EF78500F563BF /* GameSave.swift */,
				65ACF7611CB5D6390042FBB7 /* Level.swift */,
				65387A181CA1A2D80070FAD7 /* Call.swift */,
				6532B36D1C5FC12600D734EF /* Question.swift */,
			);
			name = "Model 👾";
			sourceTree = "<group>";
		};
		65C345751CA0798A00F1BAFC /* View 🖥 */ = {
			isa = PBXGroup;
			children = (
				65CECF701C9EC87300F563BF /* gameCellNib.xib */,
				650355A31C9E0428007F5BF2 /* SlotsView.swift */,
				65E05CBE1C76212B002C507D /* gameCell.swift */,
				65ACF7651CB5E0CD0042FBB7 /* progressCell.swift */,
				65ACF7631CB5DEDC0042FBB7 /* gameProgressNib.xib */,
				65F8971B1CB2BF7C00CBEE92 /* ProgressView.swift */,
				65916FB41CC2D016004961AE /* GameView.swift */,
				6548CD301CC6758E001B2C78 /* gameViewNib.xib */,
				6532B36F1C5FC14E00D734EF /* PaddedLabel.swift */,
				653F6F141CBFD582008EEF21 /* LabelExtension.swift */,
			);
			name = "View 🖥";
			sourceTree = "<group>";
		};
		65C345761CA0799700F1BAFC /* View Controller 🎮 */ = {
			isa = PBXGroup;
			children = (
				650B497F1CB7FCA8002B10BF /* CreditsViewController.swift */,
				652400031C5BFFEF009C9FE6 /* MenuViewController.swift */,
				65E05CC01C7627B5002C507D /* GameSlotsViewController.swift */,
				65F8971D1CB3306500CBEE92 /* ProgressViewController.swift */,
				657E89971CC439DC005457D5 /* GameViewController.swift */,
			);
			name = "View Controller 🎮";
			sourceTree = "<group>";
		};
		65C9A87B1CC7B21A000A4FAD /* Protocols */ = {
			isa = PBXGroup;
			children = (
				65C9A87C1CC7B27E000A4FAD /* AutomaticTypable.swift */,
			);
			name = Protocols;
			sourceTree = "<group>";
		};
/* End PBXGroup section */

/* Begin PBXNativeTarget section */
		65A4CB911C5A51A400BC5EEB /* menuTest */ = {
			isa = PBXNativeTarget;
			buildConfigurationList = 65A4CBBA1C5A51A500BC5EEB /* Build configuration list for PBXNativeTarget "menuTest" */;
			buildPhases = (
				65A4CB8E1C5A51A400BC5EEB /* Sources */,
				65A4CB8F1C5A51A400BC5EEB /* Frameworks */,
				65A4CB901C5A51A400BC5EEB /* Resources */,
				653CBCEB1C91C30F003A2338 /* ShellScript */,
			);
			buildRules = (
			);
			dependencies = (
			);
			name = menuTest;
			productName = menuTest;
			productReference = 65A4CB921C5A51A400BC5EEB /* menuTest.app */;
			productType = "com.apple.product-type.application";
		};
		65A4CBA51C5A51A500BC5EEB /* menuTestTests */ = {
			isa = PBXNativeTarget;
			buildConfigurationList = 65A4CBBD1C5A51A500BC5EEB /* Build configuration list for PBXNativeTarget "menuTestTests" */;
			buildPhases = (
				65A4CBA21C5A51A500BC5EEB /* Sources */,
				65A4CBA31C5A51A500BC5EEB /* Frameworks */,
				65A4CBA41C5A51A500BC5EEB /* Resources */,
			);
			buildRules = (
			);
			dependencies = (
				65A4CBA81C5A51A500BC5EEB /* PBXTargetDependency */,
			);
			name = menuTestTests;
			productName = menuTestTests;
			productReference = 65A4CBA61C5A51A500BC5EEB /* menuTestTests.xctest */;
			productType = "com.apple.product-type.bundle.unit-test";
		};
		65A4CBB01C5A51A500BC5EEB /* menuTestUITests */ = {
			isa = PBXNativeTarget;
			buildConfigurationList = 65A4CBC01C5A51A500BC5EEB /* Build configuration list for PBXNativeTarget "menuTestUITests" */;
			buildPhases = (
				65A4CBAD1C5A51A500BC5EEB /* Sources */,
				65A4CBAE1C5A51A500BC5EEB /* Frameworks */,
				65A4CBAF1C5A51A500BC5EEB /* Resources */,
			);
			buildRules = (
			);
			dependencies = (
				65A4CBB31C5A51A500BC5EEB /* PBXTargetDependency */,
			);
			name = menuTestUITests;
			productName = menuTestUITests;
			productReference = 65A4CBB11C5A51A500BC5EEB /* menuTestUITests.xctest */;
			productType = "com.apple.product-type.bundle.ui-testing";
		};
/* End PBXNativeTarget section */

/* Begin PBXProject section */
		65A4CB8A1C5A51A400BC5EEB /* Project object */ = {
			isa = PBXProject;
			attributes = {
				LastUpgradeCheck = 0700;
				ORGANIZATIONNAME = "Daniel Robertson";
				TargetAttributes = {
					65A4CB911C5A51A400BC5EEB = {
						CreatedOnToolsVersion = 7.0;
						DevelopmentTeam = T2PU79XAUR;
					};
					65A4CBA51C5A51A500BC5EEB = {
						CreatedOnToolsVersion = 7.0;
						TestTargetID = 65A4CB911C5A51A400BC5EEB;
					};
					65A4CBB01C5A51A500BC5EEB = {
						CreatedOnToolsVersion = 7.0;
						TestTargetID = 65A4CB911C5A51A400BC5EEB;
					};
				};
			};
			buildConfigurationList = 65A4CB8D1C5A51A400BC5EEB /* Build configuration list for PBXProject "menuTest" */;
			compatibilityVersion = "Xcode 3.2";
			developmentRegion = English;
			hasScannedForEncodings = 0;
			knownRegions = (
				en,
				Base,
			);
			mainGroup = 65A4CB891C5A51A400BC5EEB;
			productRefGroup = 65A4CB931C5A51A400BC5EEB /* Products */;
			projectDirPath = "";
			projectRoot = "";
			targets = (
				65A4CB911C5A51A400BC5EEB /* menuTest */,
				65A4CBA51C5A51A500BC5EEB /* menuTestTests */,
				65A4CBB01C5A51A500BC5EEB /* menuTestUITests */,
			);
		};
/* End PBXProject section */

/* Begin PBXResourcesBuildPhase section */
		65A4CB901C5A51A400BC5EEB /* Resources */ = {
			isa = PBXResourcesBuildPhase;
			buildActionMask = 2147483647;
			files = (
				6548CD311CC6758F001B2C78 /* gameViewNib.xib in Resources */,
				6506D8321CB5B96200C0D188 /* slots_background.gif in Resources */,
				65387A1B1CA1D3FD0070FAD7 /* monofonto.ttf in Resources */,
				65A4CBA01C5A51A500BC5EEB /* LaunchScreen.storyboard in Resources */,
				651778CD1CB599D00094B438 /* operator.gif in Resources */,
				65A4CB9D1C5A51A500BC5EEB /* Assets.xcassets in Resources */,
				65CECF711C9EC87300F563BF /* gameCellNib.xib in Resources */,
				654B417D1CBBF4B100D9953C /* Levels.json in Resources */,
				65ACF7641CB5DEDC0042FBB7 /* gameProgressNib.xib in Resources */,
				653C04A81CC529530029C3FB /* TutorialDialogue.json in Resources */,
				65CA97631C5AC8C1008D256F /* Kemco_Pixel_Bold.ttf in Resources */,
				65B08D6C1C7D24C300FABC2E /* Main.storyboard in Resources */,
				651778B51CB55FD10094B438 /* operator_background_animated.gif in Resources */,
				6560C81B1CADEFAC004FB1F0 /* Operator_menuAudio2.mp3 in Resources */,
			);
			runOnlyForDeploymentPostprocessing = 0;
		};
		65A4CBA41C5A51A500BC5EEB /* Resources */ = {
			isa = PBXResourcesBuildPhase;
			buildActionMask = 2147483647;
			files = (
			);
			runOnlyForDeploymentPostprocessing = 0;
		};
		65A4CBAF1C5A51A500BC5EEB /* Resources */ = {
			isa = PBXResourcesBuildPhase;
			buildActionMask = 2147483647;
			files = (
			);
			runOnlyForDeploymentPostprocessing = 0;
		};
/* End PBXResourcesBuildPhase section */

/* Begin PBXShellScriptBuildPhase section */
		653CBCEB1C91C30F003A2338 /* ShellScript */ = {
			isa = PBXShellScriptBuildPhase;
			buildActionMask = 2147483647;
			files = (
			);
			inputPaths = (
			);
			outputPaths = (
			);
			runOnlyForDeploymentPostprocessing = 0;
			shellPath = /bin/sh;
			shellScript = "./Fabric.framework/run 801f3876c237d9b9bb4358714be1791f1ae90473 5517f7dd0f6a57f1d382ee4b20ee2aaa0d2c00186a77a2a8ae90493cbbb93bf6";
		};
/* End PBXShellScriptBuildPhase section */

/* Begin PBXSourcesBuildPhase section */
		65A4CB8E1C5A51A400BC5EEB /* Sources */ = {
			isa = PBXSourcesBuildPhase;
			buildActionMask = 2147483647;
			files = (
				653F6F151CBFD582008EEF21 /* LabelExtension.swift in Sources */,
				65CECF731C9EF78500F563BF /* GameSave.swift in Sources */,
				65E05CBF1C76212B002C507D /* gameCell.swift in Sources */,
				65ACF7661CB5E0CD0042FBB7 /* progressCell.swift in Sources */,
				652400041C5BFFEF009C9FE6 /* MenuViewController.swift in Sources */,
				65ACF7621CB5D6390042FBB7 /* Level.swift in Sources */,
				65F8971E1CB3306500CBEE92 /* ProgressViewController.swift in Sources */,
				657E89981CC439DC005457D5 /* GameViewController.swift in Sources */,
				650B49801CB7FCA8002B10BF /* CreditsViewController.swift in Sources */,
				651DA2841CBF84A20009FA70 /* ZAlertView.swift in Sources */,
				6506D8341CB5BB1B00C0D188 /* UIImage+Gif.swift in Sources */,
				650355A41C9E0428007F5BF2 /* SlotsView.swift in Sources */,
				6532B36E1C5FC12600D734EF /* Question.swift in Sources */,
				65C9A87D1CC7B27E000A4FAD /* AutomaticTypable.swift in Sources */,
				65916FB51CC2D016004961AE /* GameView.swift in Sources */,
				6532B3701C5FC14E00D734EF /* PaddedLabel.swift in Sources */,
				651DA2801CBF84850009FA70 /* UIColor.swift in Sources */,
				65387A191CA1A2D80070FAD7 /* Call.swift in Sources */,
				65E05CC11C7627B5002C507D /* GameSlotsViewController.swift in Sources */,
				651DA2821CBF84990009FA70 /* UIImage.swift in Sources */,
				65A4CB961C5A51A400BC5EEB /* AppDelegate.swift in Sources */,
				65F8971C1CB2BF7C00CBEE92 /* ProgressView.swift in Sources */,
			);
			runOnlyForDeploymentPostprocessing = 0;
		};
		65A4CBA21C5A51A500BC5EEB /* Sources */ = {
			isa = PBXSourcesBuildPhase;
			buildActionMask = 2147483647;
			files = (
				65A4CBAB1C5A51A500BC5EEB /* menuTestTests.swift in Sources */,
			);
			runOnlyForDeploymentPostprocessing = 0;
		};
		65A4CBAD1C5A51A500BC5EEB /* Sources */ = {
			isa = PBXSourcesBuildPhase;
			buildActionMask = 2147483647;
			files = (
				65A4CBB61C5A51A500BC5EEB /* menuTestUITests.swift in Sources */,
			);
			runOnlyForDeploymentPostprocessing = 0;
		};
/* End PBXSourcesBuildPhase section */

/* Begin PBXTargetDependency section */
		65A4CBA81C5A51A500BC5EEB /* PBXTargetDependency */ = {
			isa = PBXTargetDependency;
			target = 65A4CB911C5A51A400BC5EEB /* menuTest */;
			targetProxy = 65A4CBA71C5A51A500BC5EEB /* PBXContainerItemProxy */;
		};
		65A4CBB31C5A51A500BC5EEB /* PBXTargetDependency */ = {
			isa = PBXTargetDependency;
			target = 65A4CB911C5A51A400BC5EEB /* menuTest */;
			targetProxy = 65A4CBB21C5A51A500BC5EEB /* PBXContainerItemProxy */;
		};
/* End PBXTargetDependency section */

/* Begin PBXVariantGroup section */
		65A4CB9E1C5A51A500BC5EEB /* LaunchScreen.storyboard */ = {
			isa = PBXVariantGroup;
			children = (
				65A4CB9F1C5A51A500BC5EEB /* Base */,
			);
			name = LaunchScreen.storyboard;
			sourceTree = "<group>";
		};
/* End PBXVariantGroup section */

/* Begin XCBuildConfiguration section */
		65A4CBB81C5A51A500BC5EEB /* Debug */ = {
			isa = XCBuildConfiguration;
			buildSettings = {
				ALWAYS_SEARCH_USER_PATHS = NO;
				CLANG_CXX_LANGUAGE_STANDARD = "gnu++0x";
				CLANG_CXX_LIBRARY = "libc++";
				CLANG_ENABLE_MODULES = YES;
				CLANG_ENABLE_OBJC_ARC = YES;
				CLANG_WARN_BOOL_CONVERSION = YES;
				CLANG_WARN_CONSTANT_CONVERSION = YES;
				CLANG_WARN_DIRECT_OBJC_ISA_USAGE = YES_ERROR;
				CLANG_WARN_EMPTY_BODY = YES;
				CLANG_WARN_ENUM_CONVERSION = YES;
				CLANG_WARN_INT_CONVERSION = YES;
				CLANG_WARN_OBJC_ROOT_CLASS = YES_ERROR;
				CLANG_WARN_UNREACHABLE_CODE = YES;
				CLANG_WARN__DUPLICATE_METHOD_MATCH = YES;
				"CODE_SIGN_IDENTITY[sdk=iphoneos*]" = "iPhone Developer";
				COPY_PHASE_STRIP = NO;
				DEBUG_INFORMATION_FORMAT = "dwarf-with-dsym";
				ENABLE_STRICT_OBJC_MSGSEND = YES;
				ENABLE_TESTABILITY = YES;
				GCC_C_LANGUAGE_STANDARD = gnu99;
				GCC_DYNAMIC_NO_PIC = NO;
				GCC_NO_COMMON_BLOCKS = YES;
				GCC_OPTIMIZATION_LEVEL = 0;
				GCC_PREPROCESSOR_DEFINITIONS = (
					"DEBUG=1",
					"$(inherited)",
				);
				GCC_WARN_64_TO_32_BIT_CONVERSION = YES;
				GCC_WARN_ABOUT_RETURN_TYPE = YES_ERROR;
				GCC_WARN_UNDECLARED_SELECTOR = YES;
				GCC_WARN_UNINITIALIZED_AUTOS = YES_AGGRESSIVE;
				GCC_WARN_UNUSED_FUNCTION = YES;
				GCC_WARN_UNUSED_VARIABLE = YES;
				IPHONEOS_DEPLOYMENT_TARGET = 9.0;
				MTL_ENABLE_DEBUG_INFO = YES;
				ONLY_ACTIVE_ARCH = YES;
				SDKROOT = iphoneos;
				SWIFT_OPTIMIZATION_LEVEL = "-Onone";
			};
			name = Debug;
		};
		65A4CBB91C5A51A500BC5EEB /* Release */ = {
			isa = XCBuildConfiguration;
			buildSettings = {
				ALWAYS_SEARCH_USER_PATHS = NO;
				CLANG_CXX_LANGUAGE_STANDARD = "gnu++0x";
				CLANG_CXX_LIBRARY = "libc++";
				CLANG_ENABLE_MODULES = YES;
				CLANG_ENABLE_OBJC_ARC = YES;
				CLANG_WARN_BOOL_CONVERSION = YES;
				CLANG_WARN_CONSTANT_CONVERSION = YES;
				CLANG_WARN_DIRECT_OBJC_ISA_USAGE = YES_ERROR;
				CLANG_WARN_EMPTY_BODY = YES;
				CLANG_WARN_ENUM_CONVERSION = YES;
				CLANG_WARN_INT_CONVERSION = YES;
				CLANG_WARN_OBJC_ROOT_CLASS = YES_ERROR;
				CLANG_WARN_UNREACHABLE_CODE = YES;
				CLANG_WARN__DUPLICATE_METHOD_MATCH = YES;
				"CODE_SIGN_IDENTITY[sdk=iphoneos*]" = "iPhone Developer";
				COPY_PHASE_STRIP = NO;
				DEBUG_INFORMATION_FORMAT = "dwarf-with-dsym";
				ENABLE_NS_ASSERTIONS = NO;
				ENABLE_STRICT_OBJC_MSGSEND = YES;
				GCC_C_LANGUAGE_STANDARD = gnu99;
				GCC_NO_COMMON_BLOCKS = YES;
				GCC_WARN_64_TO_32_BIT_CONVERSION = YES;
				GCC_WARN_ABOUT_RETURN_TYPE = YES_ERROR;
				GCC_WARN_UNDECLARED_SELECTOR = YES;
				GCC_WARN_UNINITIALIZED_AUTOS = YES_AGGRESSIVE;
				GCC_WARN_UNUSED_FUNCTION = YES;
				GCC_WARN_UNUSED_VARIABLE = YES;
				IPHONEOS_DEPLOYMENT_TARGET = 9.0;
				MTL_ENABLE_DEBUG_INFO = NO;
				SDKROOT = iphoneos;
				VALIDATE_PRODUCT = YES;
			};
			name = Release;
		};
		65A4CBBB1C5A51A500BC5EEB /* Debug */ = {
			isa = XCBuildConfiguration;
			buildSettings = {
				ASSETCATALOG_COMPILER_APPICON_NAME = AppIcon;
				CODE_SIGN_IDENTITY = "iPhone Developer";
				"CODE_SIGN_IDENTITY[sdk=iphoneos*]" = "iPhone Developer";
				FRAMEWORK_SEARCH_PATHS = (
					"$(inherited)",
					"$(PROJECT_DIR)/menuTest",
				);
				INFOPLIST_FILE = menuTest/Info.plist;
				IPHONEOS_DEPLOYMENT_TARGET = 8.0;
				LD_RUNPATH_SEARCH_PATHS = "$(inherited) @executable_path/Frameworks";
				PRODUCT_BUNDLE_IDENTIFIER = "Daniel-Robertson-Productions.menuTest";
				PRODUCT_NAME = "$(TARGET_NAME)";
				PROVISIONING_PROFILE = "";
			};
			name = Debug;
		};
		65A4CBBC1C5A51A500BC5EEB /* Release */ = {
			isa = XCBuildConfiguration;
			buildSettings = {
				ASSETCATALOG_COMPILER_APPICON_NAME = AppIcon;
				CODE_SIGN_IDENTITY = "iPhone Developer";
				"CODE_SIGN_IDENTITY[sdk=iphoneos*]" = "iPhone Developer";
				FRAMEWORK_SEARCH_PATHS = (
					"$(inherited)",
					"$(PROJECT_DIR)/menuTest",
				);
				INFOPLIST_FILE = menuTest/Info.plist;
				IPHONEOS_DEPLOYMENT_TARGET = 8.0;
				LD_RUNPATH_SEARCH_PATHS = "$(inherited) @executable_path/Frameworks";
				PRODUCT_BUNDLE_IDENTIFIER = "Daniel-Robertson-Productions.menuTest";
				PRODUCT_NAME = "$(TARGET_NAME)";
				PROVISIONING_PROFILE = "";
			};
			name = Release;
		};
		65A4CBBE1C5A51A500BC5EEB /* Debug */ = {
			isa = XCBuildConfiguration;
			buildSettings = {
				BUNDLE_LOADER = "$(TEST_HOST)";
				INFOPLIST_FILE = menuTestTests/Info.plist;
				LD_RUNPATH_SEARCH_PATHS = "$(inherited) @executable_path/Frameworks @loader_path/Frameworks";
				PRODUCT_BUNDLE_IDENTIFIER = "Daniel-Robertson-Productions.menuTestTests";
				PRODUCT_NAME = "$(TARGET_NAME)";
				TEST_HOST = "$(BUILT_PRODUCTS_DIR)/menuTest.app/menuTest";
			};
			name = Debug;
		};
		65A4CBBF1C5A51A500BC5EEB /* Release */ = {
			isa = XCBuildConfiguration;
			buildSettings = {
				BUNDLE_LOADER = "$(TEST_HOST)";
				INFOPLIST_FILE = menuTestTests/Info.plist;
				LD_RUNPATH_SEARCH_PATHS = "$(inherited) @executable_path/Frameworks @loader_path/Frameworks";
				PRODUCT_BUNDLE_IDENTIFIER = "Daniel-Robertson-Productions.menuTestTests";
				PRODUCT_NAME = "$(TARGET_NAME)";
				TEST_HOST = "$(BUILT_PRODUCTS_DIR)/menuTest.app/menuTest";
			};
			name = Release;
		};
		65A4CBC11C5A51A500BC5EEB /* Debug */ = {
			isa = XCBuildConfiguration;
			buildSettings = {
				INFOPLIST_FILE = menuTestUITests/Info.plist;
				LD_RUNPATH_SEARCH_PATHS = "$(inherited) @executable_path/Frameworks @loader_path/Frameworks";
				PRODUCT_BUNDLE_IDENTIFIER = "Daniel-Robertson-Productions.menuTestUITests";
				PRODUCT_NAME = "$(TARGET_NAME)";
				TEST_TARGET_NAME = menuTest;
				USES_XCTRUNNER = YES;
			};
			name = Debug;
		};
		65A4CBC21C5A51A500BC5EEB /* Release */ = {
			isa = XCBuildConfiguration;
			buildSettings = {
				INFOPLIST_FILE = menuTestUITests/Info.plist;
				LD_RUNPATH_SEARCH_PATHS = "$(inherited) @executable_path/Frameworks @loader_path/Frameworks";
				PRODUCT_BUNDLE_IDENTIFIER = "Daniel-Robertson-Productions.menuTestUITests";
				PRODUCT_NAME = "$(TARGET_NAME)";
				TEST_TARGET_NAME = menuTest;
				USES_XCTRUNNER = YES;
			};
			name = Release;
		};
/* End XCBuildConfiguration section */

/* Begin XCConfigurationList section */
		65A4CB8D1C5A51A400BC5EEB /* Build configuration list for PBXProject "menuTest" */ = {
			isa = XCConfigurationList;
			buildConfigurations = (
				65A4CBB81C5A51A500BC5EEB /* Debug */,
				65A4CBB91C5A51A500BC5EEB /* Release */,
			);
			defaultConfigurationIsVisible = 0;
			defaultConfigurationName = Release;
		};
		65A4CBBA1C5A51A500BC5EEB /* Build configuration list for PBXNativeTarget "menuTest" */ = {
			isa = XCConfigurationList;
			buildConfigurations = (
				65A4CBBB1C5A51A500BC5EEB /* Debug */,
				65A4CBBC1C5A51A500BC5EEB /* Release */,
			);
			defaultConfigurationIsVisible = 0;
			defaultConfigurationName = Release;
		};
		65A4CBBD1C5A51A500BC5EEB /* Build configuration list for PBXNativeTarget "menuTestTests" */ = {
			isa = XCConfigurationList;
			buildConfigurations = (
				65A4CBBE1C5A51A500BC5EEB /* Debug */,
				65A4CBBF1C5A51A500BC5EEB /* Release */,
			);
			defaultConfigurationIsVisible = 0;
			defaultConfigurationName = Release;
		};
		65A4CBC01C5A51A500BC5EEB /* Build configuration list for PBXNativeTarget "menuTestUITests" */ = {
			isa = XCConfigurationList;
			buildConfigurations = (
				65A4CBC11C5A51A500BC5EEB /* Debug */,
				65A4CBC21C5A51A500BC5EEB /* Release */,
			);
			defaultConfigurationIsVisible = 0;
			defaultConfigurationName = Release;
		};
/* End XCConfigurationList section */
	};
	rootObject = 65A4CB8A1C5A51A400BC5EEB /* Project object */;
}
